
Microsoft Visual Studio Solution File, Format Version 12.00
# Visual Studio Version 17
VisualStudioVersion = 17.9.34714.143
MinimumVisualStudioVersion = 10.0.40219.1
Project("{FAE04EC0-301F-11D3-BF4B-00C04F79EFBC}") = "SimpleCrudExample", "src\App\SimpleCrudExample.csproj", "{9C1978C3-4C53-4855-ACB8-E26EC0E0F551}"
EndProject
Global
	GlobalSection(SolutionConfigurationPlatforms) = preSolution
		Debug|Any CPU = Debug|Any CPU
		Release|Any CPU = Release|Any CPU
	EndGlobalSection
	GlobalSection(ProjectConfigurationPlatforms) = postSolution
		{9C1978C3-4C53-4855-ACB8-E26EC0E0F551}.Debug|Any CPU.ActiveCfg = Debug|Any CPU
		{9C1978C3-4C53-4855-ACB8-E26EC0E0F551}.Debug|Any CPU.Build.0 = Debug|Any CPU
		{9C1978C3-4C53-4855-ACB8-E26EC0E0F551}.Release|Any CPU.ActiveCfg = Release|Any CPU
		{9C1978C3-4C53-4855-ACB8-E26EC0E0F551}.Release|Any CPU.Build.0 = Release|Any CPU
	EndGlobalSection
	GlobalSection(SolutionProperties) = preSolution
		HideSolutionNode = FALSE
	EndGlobalSection
	GlobalSection(ExtensibilityGlobals) = postSolution
		SolutionGuid = {C645F2F9-FD52-4DA0-8C46-44F3D0A49C22}
	EndGlobalSection
EndGlobal
